// !$*UTF8*$!
{
	archiveVersion = 1;
	classes = {
	};
	objectVersion = 56;
	objects = {

/* Begin PBXBuildFile section */
		0A0B302A29C0DF2300C9D7A3 /* Simplon_coApp.swift in Sources */ = {isa = PBXBuildFile; fileRef = 0A0B302929C0DF2300C9D7A3 /* Simplon_coApp.swift */; };
		0A0B302C29C0DF2300C9D7A3 /* Exercise1.swift in Sources */ = {isa = PBXBuildFile; fileRef = 0A0B302B29C0DF2300C9D7A3 /* Exercise1.swift */; };
		0A0B302E29C0DF2300C9D7A3 /* Assets.xcassets in Resources */ = {isa = PBXBuildFile; fileRef = 0A0B302D29C0DF2300C9D7A3 /* Assets.xcassets */; };
		0A0B303129C0DF2300C9D7A3 /* Preview Assets.xcassets in Resources */ = {isa = PBXBuildFile; fileRef = 0A0B303029C0DF2300C9D7A3 /* Preview Assets.xcassets */; };
		0A0B303829C0E20D00C9D7A3 /* Exercise2.swift in Sources */ = {isa = PBXBuildFile; fileRef = 0A0B303729C0E20D00C9D7A3 /* Exercise2.swift */; };
		0A0B303A29C0E51800C9D7A3 /* Exercise3.swift in Sources */ = {isa = PBXBuildFile; fileRef = 0A0B303929C0E51800C9D7A3 /* Exercise3.swift */; };
		0A0B303C29C0E7E600C9D7A3 /* Exercise4.swift in Sources */ = {isa = PBXBuildFile; fileRef = 0A0B303B29C0E7E600C9D7A3 /* Exercise4.swift */; };
		0A0B303E29C0E8E200C9D7A3 /* Exercise5.swift in Sources */ = {isa = PBXBuildFile; fileRef = 0A0B303D29C0E8E200C9D7A3 /* Exercise5.swift */; };
		0A0B304029C0ED3900C9D7A3 /* Exercise6.swift in Sources */ = {isa = PBXBuildFile; fileRef = 0A0B303F29C0ED3900C9D7A3 /* Exercise6.swift */; };
		0A5A0DC929C45EAF00511558 /* Exercise12.swift in Sources */ = {isa = PBXBuildFile; fileRef = 0A5A0DC829C45EAF00511558 /* Exercise12.swift */; };
		0A5A0DCC29C45FB200511558 /* SymbolView.swift in Sources */ = {isa = PBXBuildFile; fileRef = 0A5A0DCB29C45FB200511558 /* SymbolView.swift */; };
		0A5A0DCE29C466B700511558 /* Exercise13.swift in Sources */ = {isa = PBXBuildFile; fileRef = 0A5A0DCD29C466B700511558 /* Exercise13.swift */; };
		0A5A0DD129C469A200511558 /* ButtonView.swift in Sources */ = {isa = PBXBuildFile; fileRef = 0A5A0DD029C469A200511558 /* ButtonView.swift */; };
		0A6F03F829C26DDC00EE9AE2 /* Exercise7.swift in Sources */ = {isa = PBXBuildFile; fileRef = 0A6F03F729C26DDC00EE9AE2 /* Exercise7.swift */; };
		0A6F03FA29C3651000EE9AE2 /* Exercise7-bis.swift in Sources */ = {isa = PBXBuildFile; fileRef = 0A6F03F929C3651000EE9AE2 /* Exercise7-bis.swift */; };
/* End PBXBuildFile section */

/* Begin PBXFileReference section */
		0A0B302629C0DF2300C9D7A3 /* Simplon.co.app */ = {isa = PBXFileReference; explicitFileType = wrapper.application; includeInIndex = 0; path = Simplon.co.app; sourceTree = BUILT_PRODUCTS_DIR; };
		0A0B302929C0DF2300C9D7A3 /* Simplon_coApp.swift */ = {isa = PBXFileReference; lastKnownFileType = sourcecode.swift; path = Simplon_coApp.swift; sourceTree = "<group>"; };
		0A0B302B29C0DF2300C9D7A3 /* Exercise1.swift */ = {isa = PBXFileReference; lastKnownFileType = sourcecode.swift; path = Exercise1.swift; sourceTree = "<group>"; };
		0A0B302D29C0DF2300C9D7A3 /* Assets.xcassets */ = {isa = PBXFileReference; lastKnownFileType = folder.assetcatalog; path = Assets.xcassets; sourceTree = "<group>"; };
		0A0B303029C0DF2300C9D7A3 /* Preview Assets.xcassets */ = {isa = PBXFileReference; lastKnownFileType = folder.assetcatalog; path = "Preview Assets.xcassets"; sourceTree = "<group>"; };
		0A0B303729C0E20D00C9D7A3 /* Exercise2.swift */ = {isa = PBXFileReference; lastKnownFileType = sourcecode.swift; path = Exercise2.swift; sourceTree = "<group>"; };
		0A0B303929C0E51800C9D7A3 /* Exercise3.swift */ = {isa = PBXFileReference; lastKnownFileType = sourcecode.swift; path = Exercise3.swift; sourceTree = "<group>"; };
		0A0B303B29C0E7E600C9D7A3 /* Exercise4.swift */ = {isa = PBXFileReference; lastKnownFileType = sourcecode.swift; path = Exercise4.swift; sourceTree = "<group>"; };
		0A0B303D29C0E8E200C9D7A3 /* Exercise5.swift */ = {isa = PBXFileReference; lastKnownFileType = sourcecode.swift; path = Exercise5.swift; sourceTree = "<group>"; };
		0A0B303F29C0ED3900C9D7A3 /* Exercise6.swift */ = {isa = PBXFileReference; lastKnownFileType = sourcecode.swift; path = Exercise6.swift; sourceTree = "<group>"; };
		0A5A0DC829C45EAF00511558 /* Exercise12.swift */ = {isa = PBXFileReference; lastKnownFileType = sourcecode.swift; path = Exercise12.swift; sourceTree = "<group>"; };
		0A5A0DCB29C45FB200511558 /* SymbolView.swift */ = {isa = PBXFileReference; lastKnownFileType = sourcecode.swift; path = SymbolView.swift; sourceTree = "<group>"; };
		0A5A0DCD29C466B700511558 /* Exercise13.swift */ = {isa = PBXFileReference; lastKnownFileType = sourcecode.swift; path = Exercise13.swift; sourceTree = "<group>"; };
		0A5A0DD029C469A200511558 /* ButtonView.swift */ = {isa = PBXFileReference; lastKnownFileType = sourcecode.swift; path = ButtonView.swift; sourceTree = "<group>"; };
		0A6F03F729C26DDC00EE9AE2 /* Exercise7.swift */ = {isa = PBXFileReference; lastKnownFileType = sourcecode.swift; path = Exercise7.swift; sourceTree = "<group>"; };
		0A6F03F929C3651000EE9AE2 /* Exercise7-bis.swift */ = {isa = PBXFileReference; lastKnownFileType = sourcecode.swift; path = "Exercise7-bis.swift"; sourceTree = "<group>"; };
/* End PBXFileReference section */

/* Begin PBXFrameworksBuildPhase section */
		0A0B302329C0DF2300C9D7A3 /* Frameworks */ = {
			isa = PBXFrameworksBuildPhase;
			buildActionMask = 2147483647;
			files = (
			);
			runOnlyForDeploymentPostprocessing = 0;
		};
/* End PBXFrameworksBuildPhase section */

/* Begin PBXGroup section */
		0A0B301D29C0DF2300C9D7A3 = {
			isa = PBXGroup;
			children = (
				0A0B302929C0DF2300C9D7A3 /* Simplon_coApp.swift */,
				0A0B302829C0DF2300C9D7A3 /* Simplon.co */,
				0A0B302729C0DF2300C9D7A3 /* Products */,
			);
			sourceTree = "<group>";
		};
		0A0B302729C0DF2300C9D7A3 /* Products */ = {
			isa = PBXGroup;
			children = (
				0A0B302629C0DF2300C9D7A3 /* Simplon.co.app */,
			);
			name = Products;
			sourceTree = "<group>";
		};
		0A0B302829C0DF2300C9D7A3 /* Simplon.co */ = {
			isa = PBXGroup;
			children = (
				0A0B302B29C0DF2300C9D7A3 /* Exercise1.swift */,
				0A0B303729C0E20D00C9D7A3 /* Exercise2.swift */,
				0A0B303929C0E51800C9D7A3 /* Exercise3.swift */,
				0A0B303B29C0E7E600C9D7A3 /* Exercise4.swift */,
				0A0B303D29C0E8E200C9D7A3 /* Exercise5.swift */,
				0A0B303F29C0ED3900C9D7A3 /* Exercise6.swift */,
				0A6F03F729C26DDC00EE9AE2 /* Exercise7.swift */,
				0A6F03F929C3651000EE9AE2 /* Exercise7-bis.swift */,
				0A5A0DCA29C45F1200511558 /* Exercise12 */,
				0A5A0DCF29C468F400511558 /* Exercise13 */,
				0A0B302D29C0DF2300C9D7A3 /* Assets.xcassets */,
				0A0B302F29C0DF2300C9D7A3 /* Preview Content */,
			);
			path = Simplon.co;
			sourceTree = "<group>";
		};
		0A0B302F29C0DF2300C9D7A3 /* Preview Content */ = {
			isa = PBXGroup;
			children = (
				0A0B303029C0DF2300C9D7A3 /* Preview Assets.xcassets */,
			);
			path = "Preview Content";
			sourceTree = "<group>";
		};
		0A5A0DCA29C45F1200511558 /* Exercise12 */ = {
			isa = PBXGroup;
			children = (
				0A5A0DC829C45EAF00511558 /* Exercise12.swift */,
				0A5A0DCB29C45FB200511558 /* SymbolView.swift */,
			);
			path = Exercise12;
			sourceTree = "<group>";
		};
		0A5A0DCF29C468F400511558 /* Exercise13 */ = {
			isa = PBXGroup;
			children = (
				0A5A0DCD29C466B700511558 /* Exercise13.swift */,
				0A5A0DD029C469A200511558 /* ButtonView.swift */,
			);
			path = Exercise13;
			sourceTree = "<group>";
		};
/* End PBXGroup section */

/* Begin PBXNativeTarget section */
		0A0B302529C0DF2300C9D7A3 /* Simplon.co */ = {
			isa = PBXNativeTarget;
			buildConfigurationList = 0A0B303429C0DF2300C9D7A3 /* Build configuration list for PBXNativeTarget "Simplon.co" */;
			buildPhases = (
				0A0B302229C0DF2300C9D7A3 /* Sources */,
				0A0B302329C0DF2300C9D7A3 /* Frameworks */,
				0A0B302429C0DF2300C9D7A3 /* Resources */,
			);
			buildRules = (
			);
			dependencies = (
			);
			name = Simplon.co;
			productName = Simplon.co;
			productReference = 0A0B302629C0DF2300C9D7A3 /* Simplon.co.app */;
			productType = "com.apple.product-type.application";
		};
/* End PBXNativeTarget section */

/* Begin PBXProject section */
		0A0B301E29C0DF2300C9D7A3 /* Project object */ = {
			isa = PBXProject;
			attributes = {
				BuildIndependentTargetsInParallel = 1;
				LastSwiftUpdateCheck = 1420;
				LastUpgradeCheck = 1420;
				TargetAttributes = {
					0A0B302529C0DF2300C9D7A3 = {
						CreatedOnToolsVersion = 14.2;
					};
				};
			};
			buildConfigurationList = 0A0B302129C0DF2300C9D7A3 /* Build configuration list for PBXProject "Simplon.co" */;
			compatibilityVersion = "Xcode 14.0";
			developmentRegion = en;
			hasScannedForEncodings = 0;
			knownRegions = (
				en,
				Base,
			);
			mainGroup = 0A0B301D29C0DF2300C9D7A3;
			productRefGroup = 0A0B302729C0DF2300C9D7A3 /* Products */;
			projectDirPath = "";
			projectRoot = "";
			targets = (
				0A0B302529C0DF2300C9D7A3 /* Simplon.co */,
			);
		};
/* End PBXProject section */

/* Begin PBXResourcesBuildPhase section */
		0A0B302429C0DF2300C9D7A3 /* Resources */ = {
			isa = PBXResourcesBuildPhase;
			buildActionMask = 2147483647;
			files = (
				0A0B303129C0DF2300C9D7A3 /* Preview Assets.xcassets in Resources */,
				0A0B302E29C0DF2300C9D7A3 /* Assets.xcassets in Resources */,
			);
			runOnlyForDeploymentPostprocessing = 0;
		};
/* End PBXResourcesBuildPhase section */

/* Begin PBXSourcesBuildPhase section */
		0A0B302229C0DF2300C9D7A3 /* Sources */ = {
			isa = PBXSourcesBuildPhase;
			buildActionMask = 2147483647;
			files = (
				0A0B302C29C0DF2300C9D7A3 /* Exercise1.swift in Sources */,
				0A6F03F829C26DDC00EE9AE2 /* Exercise7.swift in Sources */,
				0A0B303A29C0E51800C9D7A3 /* Exercise3.swift in Sources */,
				0A5A0DCC29C45FB200511558 /* SymbolView.swift in Sources */,
				0A0B303C29C0E7E600C9D7A3 /* Exercise4.swift in Sources */,
				0A0B303E29C0E8E200C9D7A3 /* Exercise5.swift in Sources */,
				0A0B302A29C0DF2300C9D7A3 /* Simplon_coApp.swift in Sources */,
				0A5A0DCE29C466B700511558 /* Exercise13.swift in Sources */,
				0A0B303829C0E20D00C9D7A3 /* Exercise2.swift in Sources */,
				0A5A0DD129C469A200511558 /* ButtonView.swift in Sources */,
				0A0B304029C0ED3900C9D7A3 /* Exercise6.swift in Sources */,
				0A5A0DC929C45EAF00511558 /* Exercise12.swift in Sources */,
				0A6F03FA29C3651000EE9AE2 /* Exercise7-bis.swift in Sources */,
			);
			runOnlyForDeploymentPostprocessing = 0;
		};
/* End PBXSourcesBuildPhase section */

/* Begin XCBuildConfiguration section */
		0A0B303229C0DF2300C9D7A3 /* Debug */ = {
			isa = XCBuildConfiguration;
			buildSettings = {
				ALWAYS_SEARCH_USER_PATHS = NO;
				CLANG_ANALYZER_NONNULL = YES;
				CLANG_ANALYZER_NUMBER_OBJECT_CONVERSION = YES_AGGRESSIVE;
				CLANG_CXX_LANGUAGE_STANDARD = "gnu++20";
				CLANG_ENABLE_MODULES = YES;
				CLANG_ENABLE_OBJC_ARC = YES;
				CLANG_ENABLE_OBJC_WEAK = YES;
				CLANG_WARN_BLOCK_CAPTURE_AUTORELEASING = YES;
				CLANG_WARN_BOOL_CONVERSION = YES;
				CLANG_WARN_COMMA = YES;
				CLANG_WARN_CONSTANT_CONVERSION = YES;
				CLANG_WARN_DEPRECATED_OBJC_IMPLEMENTATIONS = YES;
				CLANG_WARN_DIRECT_OBJC_ISA_USAGE = YES_ERROR;
				CLANG_WARN_DOCUMENTATION_COMMENTS = YES;
				CLANG_WARN_EMPTY_BODY = YES;
				CLANG_WARN_ENUM_CONVERSION = YES;
				CLANG_WARN_INFINITE_RECURSION = YES;
				CLANG_WARN_INT_CONVERSION = YES;
				CLANG_WARN_NON_LITERAL_NULL_CONVERSION = YES;
				CLANG_WARN_OBJC_IMPLICIT_RETAIN_SELF = YES;
				CLANG_WARN_OBJC_LITERAL_CONVERSION = YES;
				CLANG_WARN_OBJC_ROOT_CLASS = YES_ERROR;
				CLANG_WARN_QUOTED_INCLUDE_IN_FRAMEWORK_HEADER = YES;
				CLANG_WARN_RANGE_LOOP_ANALYSIS = YES;
				CLANG_WARN_STRICT_PROTOTYPES = YES;
				CLANG_WARN_SUSPICIOUS_MOVE = YES;
				CLANG_WARN_UNGUARDED_AVAILABILITY = YES_AGGRESSIVE;
				CLANG_WARN_UNREACHABLE_CODE = YES;
				CLANG_WARN__DUPLICATE_METHOD_MATCH = YES;
				COPY_PHASE_STRIP = NO;
				DEBUG_INFORMATION_FORMAT = dwarf;
				ENABLE_STRICT_OBJC_MSGSEND = YES;
				ENABLE_TESTABILITY = YES;
				GCC_C_LANGUAGE_STANDARD = gnu11;
				GCC_DYNAMIC_NO_PIC = NO;
				GCC_NO_COMMON_BLOCKS = YES;
				GCC_OPTIMIZATION_LEVEL = 0;
				GCC_PREPROCESSOR_DEFINITIONS = (
					"DEBUG=1",
					"$(inherited)",
				);
				GCC_WARN_64_TO_32_BIT_CONVERSION = YES;
				GCC_WARN_ABOUT_RETURN_TYPE = YES_ERROR;
				GCC_WARN_UNDECLARED_SELECTOR = YES;
				GCC_WARN_UNINITIALIZED_AUTOS = YES_AGGRESSIVE;
				GCC_WARN_UNUSED_FUNCTION = YES;
				GCC_WARN_UNUSED_VARIABLE = YES;
				IPHONEOS_DEPLOYMENT_TARGET = 16.2;
				MTL_ENABLE_DEBUG_INFO = INCLUDE_SOURCE;
				MTL_FAST_MATH = YES;
				ONLY_ACTIVE_ARCH = YES;
				SDKROOT = iphoneos;
				SWIFT_ACTIVE_COMPILATION_CONDITIONS = DEBUG;
				SWIFT_OPTIMIZATION_LEVEL = "-Onone";
			};
			name = Debug;
		};
		0A0B303329C0DF2300C9D7A3 /* Release */ = {
			isa = XCBuildConfiguration;
			buildSettings = {
				ALWAYS_SEARCH_USER_PATHS = NO;
				CLANG_ANALYZER_NONNULL = YES;
				CLANG_ANALYZER_NUMBER_OBJECT_CONVERSION = YES_AGGRESSIVE;
				CLANG_CXX_LANGUAGE_STANDARD = "gnu++20";
				CLANG_ENABLE_MODULES = YES;
				CLANG_ENABLE_OBJC_ARC = YES;
				CLANG_ENABLE_OBJC_WEAK = YES;
				CLANG_WARN_BLOCK_CAPTURE_AUTORELEASING = YES;
				CLANG_WARN_BOOL_CONVERSION = YES;
				CLANG_WARN_COMMA = YES;
				CLANG_WARN_CONSTANT_CONVERSION = YES;
				CLANG_WARN_DEPRECATED_OBJC_IMPLEMENTATIONS = YES;
				CLANG_WARN_DIRECT_OBJC_ISA_USAGE = YES_ERROR;
				CLANG_WARN_DOCUMENTATION_COMMENTS = YES;
				CLANG_WARN_EMPTY_BODY = YES;
				CLANG_WARN_ENUM_CONVERSION = YES;
				CLANG_WARN_INFINITE_RECURSION = YES;
				CLANG_WARN_INT_CONVERSION = YES;
				CLANG_WARN_NON_LITERAL_NULL_CONVERSION = YES;
				CLANG_WARN_OBJC_IMPLICIT_RETAIN_SELF = YES;
				CLANG_WARN_OBJC_LITERAL_CONVERSION = YES;
				CLANG_WARN_OBJC_ROOT_CLASS = YES_ERROR;
				CLANG_WARN_QUOTED_INCLUDE_IN_FRAMEWORK_HEADER = YES;
				CLANG_WARN_RANGE_LOOP_ANALYSIS = YES;
				CLANG_WARN_STRICT_PROTOTYPES = YES;
				CLANG_WARN_SUSPICIOUS_MOVE = YES;
				CLANG_WARN_UNGUARDED_AVAILABILITY = YES_AGGRESSIVE;
				CLANG_WARN_UNREACHABLE_CODE = YES;
				CLANG_WARN__DUPLICATE_METHOD_MATCH = YES;
				COPY_PHASE_STRIP = NO;
				DEBUG_INFORMATION_FORMAT = "dwarf-with-dsym";
				ENABLE_NS_ASSERTIONS = NO;
				ENABLE_STRICT_OBJC_MSGSEND = YES;
				GCC_C_LANGUAGE_STANDARD = gnu11;
				GCC_NO_COMMON_BLOCKS = YES;
				GCC_WARN_64_TO_32_BIT_CONVERSION = YES;
				GCC_WARN_ABOUT_RETURN_TYPE = YES_ERROR;
				GCC_WARN_UNDECLARED_SELECTOR = YES;
				GCC_WARN_UNINITIALIZED_AUTOS = YES_AGGRESSIVE;
				GCC_WARN_UNUSED_FUNCTION = YES;
				GCC_WARN_UNUSED_VARIABLE = YES;
				IPHONEOS_DEPLOYMENT_TARGET = 16.2;
				MTL_ENABLE_DEBUG_INFO = NO;
				MTL_FAST_MATH = YES;
				SDKROOT = iphoneos;
				SWIFT_COMPILATION_MODE = wholemodule;
				SWIFT_OPTIMIZATION_LEVEL = "-O";
				VALIDATE_PRODUCT = YES;
			};
			name = Release;
		};
		0A0B303529C0DF2300C9D7A3 /* Debug */ = {
			isa = XCBuildConfiguration;
			buildSettings = {
				ASSETCATALOG_COMPILER_APPICON_NAME = AppIcon;
				ASSETCATALOG_COMPILER_GLOBAL_ACCENT_COLOR_NAME = AccentColor;
				CODE_SIGN_STYLE = Automatic;
				CURRENT_PROJECT_VERSION = 1;
				DEVELOPMENT_ASSET_PATHS = "\"Simplon.co/Preview Content\"";
				DEVELOPMENT_TEAM = 5L6U43CM7C;
				ENABLE_PREVIEWS = YES;
				GENERATE_INFOPLIST_FILE = YES;
				INFOPLIST_KEY_UIApplicationSceneManifest_Generation = YES;
				INFOPLIST_KEY_UIApplicationSupportsIndirectInputEvents = YES;
				INFOPLIST_KEY_UILaunchScreen_Generation = YES;
				INFOPLIST_KEY_UISupportedInterfaceOrientations_iPad = "UIInterfaceOrientationPortrait UIInterfaceOrientationPortraitUpsideDown UIInterfaceOrientationLandscapeLeft UIInterfaceOrientationLandscapeRight";
				INFOPLIST_KEY_UISupportedInterfaceOrientations_iPhone = "UIInterfaceOrientationPortrait UIInterfaceOrientationLandscapeLeft UIInterfaceOrientationLandscapeRight";
				LD_RUNPATH_SEARCH_PATHS = (
					"$(inherited)",
					"@executable_path/Frameworks",
				);
				MARKETING_VERSION = 1.0;
				PRODUCT_BUNDLE_IDENTIFIER = "com.kevinmassol.Simplon-co";
				PRODUCT_NAME = "$(TARGET_NAME)";
				SWIFT_EMIT_LOC_STRINGS = YES;
				SWIFT_VERSION = 5.0;
				TARGETED_DEVICE_FAMILY = "1,2";
			};
			name = Debug;
		};
		0A0B303629C0DF2300C9D7A3 /* Release */ = {
			isa = XCBuildConfiguration;
			buildSettings = {
				ASSETCATALOG_COMPILER_APPICON_NAME = AppIcon;
				ASSETCATALOG_COMPILER_GLOBAL_ACCENT_COLOR_NAME = AccentColor;
				CODE_SIGN_STYLE = Automatic;
				CURRENT_PROJECT_VERSION = 1;
				DEVELOPMENT_ASSET_PATHS = "\"Simplon.co/Preview Content\"";
				DEVELOPMENT_TEAM = 5L6U43CM7C;
				ENABLE_PREVIEWS = YES;
				GENERATE_INFOPLIST_FILE = YES;
				INFOPLIST_KEY_UIApplicationSceneManifest_Generation = YES;
				INFOPLIST_KEY_UIApplicationSupportsIndirectInputEvents = YES;
				INFOPLIST_KEY_UILaunchScreen_Generation = YES;
				INFOPLIST_KEY_UISupportedInterfaceOrientations_iPad = "UIInterfaceOrientationPortrait UIInterfaceOrientationPortraitUpsideDown UIInterfaceOrientationLandscapeLeft UIInterfaceOrientationLandscapeRight";
				INFOPLIST_KEY_UISupportedInterfaceOrientations_iPhone = "UIInterfaceOrientationPortrait UIInterfaceOrientationLandscapeLeft UIInterfaceOrientationLandscapeRight";
				LD_RUNPATH_SEARCH_PATHS = (
					"$(inherited)",
					"@executable_path/Frameworks",
				);
				MARKETING_VERSION = 1.0;
				PRODUCT_BUNDLE_IDENTIFIER = "com.kevinmassol.Simplon-co";
				PRODUCT_NAME = "$(TARGET_NAME)";
				SWIFT_EMIT_LOC_STRINGS = YES;
				SWIFT_VERSION = 5.0;
				TARGETED_DEVICE_FAMILY = "1,2";
			};
			name = Release;
		};
/* End XCBuildConfiguration section */

/* Begin XCConfigurationList section */
		0A0B302129C0DF2300C9D7A3 /* Build configuration list for PBXProject "Simplon.co" */ = {
			isa = XCConfigurationList;
			buildConfigurations = (
				0A0B303229C0DF2300C9D7A3 /* Debug */,
				0A0B303329C0DF2300C9D7A3 /* Release */,
			);
			defaultConfigurationIsVisible = 0;
			defaultConfigurationName = Release;
		};
		0A0B303429C0DF2300C9D7A3 /* Build configuration list for PBXNativeTarget "Simplon.co" */ = {
			isa = XCConfigurationList;
			buildConfigurations = (
				0A0B303529C0DF2300C9D7A3 /* Debug */,
				0A0B303629C0DF2300C9D7A3 /* Release */,
			);
			defaultConfigurationIsVisible = 0;
			defaultConfigurationName = Release;
		};
/* End XCConfigurationList section */
	};
	rootObject = 0A0B301E29C0DF2300C9D7A3 /* Project object */;
}
